
Microsoft Visual Studio Solution File, Format Version 12.00
# Visual Studio 2015
Project("{FAE04EC0-301F-11D3-BF4B-00C04F79EFBC}") = "Biome Defence", "Biome Defence.csproj", "{BC69AEBC-E7F7-553E-17EB-1462D766AD4E}"
EndProject
Global
	GlobalSection(SolutionConfigurationPlatforms) = preSolution
		Debug|Any CPU = Debug|Any CPU
		Release|Any CPU = Release|Any CPU
	EndGlobalSection
	GlobalSection(ProjectConfigurationPlatforms) = postSolution
		{BC69AEBC-E7F7-553E-17EB-1462D766AD4E}.Debug|Any CPU.ActiveCfg = Debug|Any CPU
		{BC69AEBC-E7F7-553E-17EB-1462D766AD4E}.Debug|Any CPU.Build.0 = Debug|Any CPU
		{BC69AEBC-E7F7-553E-17EB-1462D766AD4E}.Release|Any CPU.ActiveCfg = Release|Any CPU
		{BC69AEBC-E7F7-553E-17EB-1462D766AD4E}.Release|Any CPU.Build.0 = Release|Any CPU
	EndGlobalSection
	GlobalSection(SolutionProperties) = preSolution
		HideSolutionNode = FALSE
	EndGlobalSection
EndGlobal
